# This file was autogenerated by Stack.
# You should not edit this file by hand.
# For more information, please see the documentation at:
#   https://docs.haskellstack.org/en/stable/topics/lock_files

packages:
- completed:
    commit: c46f7e62e02f4750447346f6ae21e23b16b125ae
    git: https://github.com/tusharad/ollama-haskell
    name: ollama-haskell
    pantry-tree:
      sha256: 20f4c2e884da58f37859a4ed291b4ba9d425cc297f20af4f0f3b1c29ffa94317
      size: 5162
    version: 0.2.0.0
  original:
    commit: c46f7e62e02f4750447346f6ae21e23b16b125ae
    git: https://github.com/tusharad/ollama-haskell
- completed:
    hackage: pdf-toolbox-document-0.1.4@sha256:6016daf47765f4a06b23a90e59741f34f7c2c8561091a9db3caa922339037108,2405
    pantry-tree:
      sha256: 6530b803d559773deb1bcd62ec0828b715a4572798faecbf669e91f829298b7c
      size: 1285
  original:
    hackage: pdf-toolbox-document-0.1.4@sha256:6016daf47765f4a06b23a90e59741f34f7c2c8561091a9db3caa922339037108,2405
- completed:
    hackage: pdf-toolbox-core-0.1.3@sha256:c75e5c95b043521bac74d77b2b606bc53006a96848290609858d684cc9470cae,3826
    pantry-tree:
      sha256: 7ed7ce9458822471616499986bf4293ed4e2fa34d7ef1b8e553ab436b2787289
      size: 2031
  original:
    hackage: pdf-toolbox-core-0.1.3@sha256:c75e5c95b043521bac74d77b2b606bc53006a96848290609858d684cc9470cae,3826
- completed:
    hackage: pdf-toolbox-content-0.1.2@sha256:e84fd8be2150bccd60db4a231ad7b6f82e22eadb29cd3cbbc30cea690fc59dcc,2562
    pantry-tree:
      sha256: 354dd5573b939dc2f8f3ebbf8fa1a2946e15dc4e817fca174ed2dde190bb8ef0
      size: 1427
  original:
    hackage: pdf-toolbox-content-0.1.2@sha256:e84fd8be2150bccd60db4a231ad7b6f82e22eadb29cd3cbbc30cea690fc59dcc,2562
- completed:
    hackage: cryptohash-0.11.9@sha256:59d9494ba0cc9eef087ecba2e12e4d3e2d3b0327dd1542af552e3dca0e7de70d,4230
    pantry-tree:
      sha256: f916b60e1f935ee554beacae455b9d3bc79c083e6235d5f4b519cb6df00e4032
      size: 2259
  original:
    hackage: cryptohash-0.11.9@sha256:59d9494ba0cc9eef087ecba2e12e4d3e2d3b0327dd1542af552e3dca0e7de70d,4230
- completed:
    hackage: cryptonite-0.30@sha256:12c85dea7be63e5ad90bcb487eb3846bf3c413347f94336fa1dede7b28f9936a,18301
    pantry-tree:
      sha256: df1cbe4cc40d569cc75ffed40bc5deac43cb085653980b42b9b6a5d4b745a30a
      size: 23323
  original:
    hackage: cryptonite-0.30@sha256:12c85dea7be63e5ad90bcb487eb3846bf3c413347f94336fa1dede7b28f9936a,18301
snapshots:
- completed:
    sha256: e045a4920067a5fb957833afea34d5b8ed5d4eb6ffde7ac444520bbe6d80fc97
    size: 669633
    url: https://raw.githubusercontent.com/commercialhaskell/stackage-snapshots/master/nightly/2025/7/22.yaml
  original: nightly-2025-07-22
