# This file was autogenerated by Stack.
# You should not edit this file by hand.
# For more information, please see the documentation at:
#   https://docs.haskellstack.org/en/stable/topics/lock_files

packages:
- completed:
    hackage: ollama-haskell-0.1.2.0@sha256:1f503a492f0e9d1a64ece887bfc1ecf426ed79ad6f1260e023fdbe805b15c223,2376
    pantry-tree:
      sha256: 53adae0273bd39ae92ecb78eb3d93801b04fe69339f9c1131548a6213be173c2
      size: 1181
  original:
    hackage: ollama-haskell-0.1.2.0@sha256:1f503a492f0e9d1a64ece887bfc1ecf426ed79ad6f1260e023fdbe805b15c223,2376
snapshots:
- completed:
    sha256: 08bd13ce621b41a8f5e51456b38d5b46d7783ce114a50ab604d6bbab0d002146
    size: 720271
    url: https://raw.githubusercontent.com/commercialhaskell/stackage-snapshots/master/lts/22/43.yaml
  original:
    url: https://raw.githubusercontent.com/commercialhaskell/stackage-snapshots/master/lts/22/43.yaml
