# This file was autogenerated by Stack.
# You should not edit this file by hand.
# For more information, please see the documentation at:
#   https://docs.haskellstack.org/en/stable/topics/lock_files

packages:
- completed:
    commit: 65d844a0e3b613f73b5dd58ad398481af04a20b1
    git: https://github.com/tusharad/ollama-haskell
    name: ollama-haskell
    pantry-tree:
      sha256: 94d51702c88b3bd76f5ba4956f2d0d01614ec0cef719ca6a271fce90fc44fb72
      size: 1795
    version: 0.1.3.0
  original:
    commit: 65d844a0e3b613f73b5dd58ad398481af04a20b1
    git: https://github.com/tusharad/ollama-haskell
snapshots:
- completed:
    sha256: 0bff5f3f5548516a7c86cea95d47672383cef34dac97ba28d750a52ddfcdf54a
    size: 682020
    url: https://raw.githubusercontent.com/commercialhaskell/stackage-snapshots/master/nightly/2025/4/24.yaml
  original: nightly-2025-04-24
