# This file was autogenerated by Stack.
# You should not edit this file by hand.
# For more information, please see the documentation at:
#   https://docs.haskellstack.org/en/stable/topics/lock_files

packages:
- completed:
    commit: 05c7869652870a2a88bec259f501ee77cec79134
    git: https://github.com/tusharad/ollama-haskell
    name: ollama-haskell
    pantry-tree:
      sha256: 3c42eac164608453fd702d797184dedddfd34a343b273ffe670c270ff9046baf
      size: 5233
    version: 0.2.0.0
  original:
    commit: 05c7869652870a2a88bec259f501ee77cec79134
    git: https://github.com/tusharad/ollama-haskell
snapshots:
- completed:
    sha256: a3501d1b61a539371d85305fe73e1134fc08e7c97498a42952455f011fd97ecf
    size: 684278
    url: https://raw.githubusercontent.com/commercialhaskell/stackage-snapshots/master/lts/23/25.yaml
  original: lts-23.25
